
Microsoft Visual Studio Solution File, Format Version 12.00
# Visual Studio Version 17
VisualStudioVersion = 17.8.34525.116
MinimumVisualStudioVersion = 10.0.40219.1
Project("{9A19103F-16F7-4668-BE54-9A1E7A4F7556}") = "App1", "App1\App1.csproj", "{BDDAA289-DB61-488E-A08D-68415F8DC0F8}"
EndProject
Project("{9A19103F-16F7-4668-BE54-9A1E7A4F7556}") = "Entitati", "Entitati\Entitati.csproj", "{F1FC5E7D-159E-4352-B2CD-C875B5B47757}"
EndProject
Global
	GlobalSection(SolutionConfigurationPlatforms) = preSolution
		Debug|Any CPU = Debug|Any CPU
		Release|Any CPU = Release|Any CPU
	EndGlobalSection
	GlobalSection(ProjectConfigurationPlatforms) = postSolution
		{BDDAA289-DB61-488E-A08D-68415F8DC0F8}.Debug|Any CPU.ActiveCfg = Debug|Any CPU
		{BDDAA289-DB61-488E-A08D-68415F8DC0F8}.Debug|Any CPU.Build.0 = Debug|Any CPU
		{BDDAA289-DB61-488E-A08D-68415F8DC0F8}.Release|Any CPU.ActiveCfg = Release|Any CPU
		{BDDAA289-DB61-488E-A08D-68415F8DC0F8}.Release|Any CPU.Build.0 = Release|Any CPU
		{F1FC5E7D-159E-4352-B2CD-C875B5B47757}.Debug|Any CPU.ActiveCfg = Debug|Any CPU
		{F1FC5E7D-159E-4352-B2CD-C875B5B47757}.Debug|Any CPU.Build.0 = Debug|Any CPU
		{F1FC5E7D-159E-4352-B2CD-C875B5B47757}.Release|Any CPU.ActiveCfg = Release|Any CPU
		{F1FC5E7D-159E-4352-B2CD-C875B5B47757}.Release|Any CPU.Build.0 = Release|Any CPU
	EndGlobalSection
	GlobalSection(SolutionProperties) = preSolution
		HideSolutionNode = FALSE
	EndGlobalSection
	GlobalSection(ExtensibilityGlobals) = postSolution
		SolutionGuid = {EC9DE12C-677A-43CA-B12F-1C66790AB552}
	EndGlobalSection
EndGlobal
